
Microsoft Visual Studio Solution File, Format Version 12.00
# Visual Studio 15
VisualStudioVersion = 15.0.26127.0
MinimumVisualStudioVersion = 10.0.40219.1
Project("{FAE04EC0-301F-11D3-BF4B-00C04F79EFBC}") = "EFOSMon", "EfosMon\EFOSMon.csproj", "{3F0ECAA6-3986-4055-AA25-1AECC510F3B9}"
EndProject
Project("{FAE04EC0-301F-11D3-BF4B-00C04F79EFBC}") = "EFOSView", "EFOSView\EFOSView.csproj", "{5BE6B678-0762-424E-96B4-FF028DA8B24D}"
EndProject
Project("{FAE04EC0-301F-11D3-BF4B-00C04F79EFBC}") = "EFOSSynth", "EFOSSynth\EFOSSynth.csproj", "{26C69FDB-205E-4EF2-8F73-927BDDC0A021}"
EndProject
Project("{FAE04EC0-301F-11D3-BF4B-00C04F79EFBC}") = "GetData", "GetData\GetData.csproj", "{6C55CB7E-4D8B-420A-B8D8-2C2B9F97A5CE}"
EndProject
Global
	GlobalSection(SolutionConfigurationPlatforms) = preSolution
		Debug|Any CPU = Debug|Any CPU
		Release|Any CPU = Release|Any CPU
	EndGlobalSection
	GlobalSection(ProjectConfigurationPlatforms) = postSolution
		{3F0ECAA6-3986-4055-AA25-1AECC510F3B9}.Debug|Any CPU.ActiveCfg = Debug|Any CPU
		{3F0ECAA6-3986-4055-AA25-1AECC510F3B9}.Debug|Any CPU.Build.0 = Debug|Any CPU
		{3F0ECAA6-3986-4055-AA25-1AECC510F3B9}.Release|Any CPU.ActiveCfg = Release|Any CPU
		{3F0ECAA6-3986-4055-AA25-1AECC510F3B9}.Release|Any CPU.Build.0 = Release|Any CPU
		{5BE6B678-0762-424E-96B4-FF028DA8B24D}.Debug|Any CPU.ActiveCfg = Debug|Any CPU
		{5BE6B678-0762-424E-96B4-FF028DA8B24D}.Debug|Any CPU.Build.0 = Debug|Any CPU
		{5BE6B678-0762-424E-96B4-FF028DA8B24D}.Release|Any CPU.ActiveCfg = Release|Any CPU
		{5BE6B678-0762-424E-96B4-FF028DA8B24D}.Release|Any CPU.Build.0 = Release|Any CPU
		{26C69FDB-205E-4EF2-8F73-927BDDC0A021}.Debug|Any CPU.ActiveCfg = Debug|Any CPU
		{26C69FDB-205E-4EF2-8F73-927BDDC0A021}.Debug|Any CPU.Build.0 = Debug|Any CPU
		{26C69FDB-205E-4EF2-8F73-927BDDC0A021}.Release|Any CPU.ActiveCfg = Release|Any CPU
		{26C69FDB-205E-4EF2-8F73-927BDDC0A021}.Release|Any CPU.Build.0 = Release|Any CPU
		{6C55CB7E-4D8B-420A-B8D8-2C2B9F97A5CE}.Debug|Any CPU.ActiveCfg = Debug|Any CPU
		{6C55CB7E-4D8B-420A-B8D8-2C2B9F97A5CE}.Debug|Any CPU.Build.0 = Debug|Any CPU
		{6C55CB7E-4D8B-420A-B8D8-2C2B9F97A5CE}.Release|Any CPU.ActiveCfg = Release|Any CPU
		{6C55CB7E-4D8B-420A-B8D8-2C2B9F97A5CE}.Release|Any CPU.Build.0 = Release|Any CPU
	EndGlobalSection
	GlobalSection(SolutionProperties) = preSolution
		HideSolutionNode = FALSE
	EndGlobalSection
EndGlobal
